
Microsoft Visual Studio Solution File, Format Version 12.00
# Visual Studio Version 17
VisualStudioVersion = 17.8.34309.116
MinimumVisualStudioVersion = 10.0.40219.1
Project("{9A19103F-16F7-4668-BE54-9A1E7A4F7556}") = "ManyToMany_Tarpinis_Atsiskaitymas", "ManyToMany_Tarpinis_Atsiskaitymas\ManyToMany_Tarpinis_Atsiskaitymas.csproj", "{8EDD28EE-F96A-4473-82A5-2B45B12415B2}"
EndProject
Global
	GlobalSection(SolutionConfigurationPlatforms) = preSolution
		Debug|Any CPU = Debug|Any CPU
		Release|Any CPU = Release|Any CPU
	EndGlobalSection
	GlobalSection(ProjectConfigurationPlatforms) = postSolution
		{8EDD28EE-F96A-4473-82A5-2B45B12415B2}.Debug|Any CPU.ActiveCfg = Debug|Any CPU
		{8EDD28EE-F96A-4473-82A5-2B45B12415B2}.Debug|Any CPU.Build.0 = Debug|Any CPU
		{8EDD28EE-F96A-4473-82A5-2B45B12415B2}.Release|Any CPU.ActiveCfg = Release|Any CPU
		{8EDD28EE-F96A-4473-82A5-2B45B12415B2}.Release|Any CPU.Build.0 = Release|Any CPU
	EndGlobalSection
	GlobalSection(SolutionProperties) = preSolution
		HideSolutionNode = FALSE
	EndGlobalSection
	GlobalSection(ExtensibilityGlobals) = postSolution
		SolutionGuid = {3C00CE43-38A2-4225-9D0E-6B6ECDE76ABE}
	EndGlobalSection
EndGlobal
